// !$*UTF8*$!
{
	archiveVersion = 1;
	classes = {
	};
	objectVersion = 46;
	objects = {

/* Begin PBXBuildFile section */
		C2533EDC1BEB46AF00E533DF /* PlayingViewController.m in Sources */ = {isa = PBXBuildFile; fileRef = C2533EDB1BEB46AF00E533DF /* PlayingViewController.m */; settings = {ASSET_TAGS = (); }; };
		C26D53441BF21981005AA106 /* 2.png in Resources */ = {isa = PBXBuildFile; fileRef = C26D53431BF21981005AA106 /* 2.png */; settings = {ASSET_TAGS = (); }; };
		C26D53461BF21988005AA106 /* 3.png in Resources */ = {isa = PBXBuildFile; fileRef = C26D53451BF21988005AA106 /* 3.png */; settings = {ASSET_TAGS = (); }; };
		C26D53481BF2198D005AA106 /* 4.png in Resources */ = {isa = PBXBuildFile; fileRef = C26D53471BF2198D005AA106 /* 4.png */; settings = {ASSET_TAGS = (); }; };
		C26D534A1BF21999005AA106 /* 1.png in Resources */ = {isa = PBXBuildFile; fileRef = C26D53491BF21999005AA106 /* 1.png */; settings = {ASSET_TAGS = (); }; };
		C2713B0E1BE9EE84000F85ED /* main.m in Sources */ = {isa = PBXBuildFile; fileRef = C2713B0D1BE9EE84000F85ED /* main.m */; };
		C2713B171BE9EE84000F85ED /* Main.storyboard in Resources */ = {isa = PBXBuildFile; fileRef = C2713B151BE9EE84000F85ED /* Main.storyboard */; };
		C2713B191BE9EE84000F85ED /* Assets.xcassets in Resources */ = {isa = PBXBuildFile; fileRef = C2713B181BE9EE84000F85ED /* Assets.xcassets */; };
		C2713B1C1BE9EE84000F85ED /* LaunchScreen.storyboard in Resources */ = {isa = PBXBuildFile; fileRef = C2713B1A1BE9EE84000F85ED /* LaunchScreen.storyboard */; };
		C2713B271BE9EE84000F85ED /* _____Tests.m in Sources */ = {isa = PBXBuildFile; fileRef = C2713B261BE9EE84000F85ED /* _____Tests.m */; };
		C2713B321BE9EE85000F85ED /* _____UITests.m in Sources */ = {isa = PBXBuildFile; fileRef = C2713B311BE9EE85000F85ED /* _____UITests.m */; };
		C2713B611BE9FC92000F85ED /* AppDelegate.m in Sources */ = {isa = PBXBuildFile; fileRef = C2713B601BE9FC92000F85ED /* AppDelegate.m */; settings = {ASSET_TAGS = (); }; };
		C2713B661BE9FD6E000F85ED /* MusicCell.m in Sources */ = {isa = PBXBuildFile; fileRef = C2713B651BE9FD6E000F85ED /* MusicCell.m */; settings = {ASSET_TAGS = (); }; };
		C2713B681BE9FD8D000F85ED /* MusicCell.xib in Resources */ = {isa = PBXBuildFile; fileRef = C2713B671BE9FD8D000F85ED /* MusicCell.xib */; settings = {ASSET_TAGS = (); }; };
		C2713B6C1BE9FE9D000F85ED /* Info.plist in Resources */ = {isa = PBXBuildFile; fileRef = C2713B6B1BE9FE9D000F85ED /* Info.plist */; settings = {ASSET_TAGS = (); }; };
		C2713B6F1BEA0338000F85ED /* DataManager.m in Sources */ = {isa = PBXBuildFile; fileRef = C2713B6E1BEA0338000F85ED /* DataManager.m */; settings = {ASSET_TAGS = (); }; };
		C2713B741BEA0A80000F85ED /* MusicModel.m in Sources */ = {isa = PBXBuildFile; fileRef = C2713B731BEA0A80000F85ED /* MusicModel.m */; settings = {ASSET_TAGS = (); }; };
		C2713B771BEA21B3000F85ED /* MusicListController.m in Sources */ = {isa = PBXBuildFile; fileRef = C2713B761BEA21B3000F85ED /* MusicListController.m */; settings = {ASSET_TAGS = (); }; };
		C27A6C3D1BF1803600A16609 /* LyricModel.m in Sources */ = {isa = PBXBuildFile; fileRef = C27A6C3C1BF1803600A16609 /* LyricModel.m */; settings = {ASSET_TAGS = (); }; };
		C27A6C401BF181C700A16609 /* LyricManager.m in Sources */ = {isa = PBXBuildFile; fileRef = C27A6C3F1BF181C700A16609 /* LyricManager.m */; settings = {ASSET_TAGS = (); }; };
		C29803C51BEA484100FE33C8 /* MKAnnotationView+WebCache.m in Sources */ = {isa = PBXBuildFile; fileRef = C29803A51BEA484100FE33C8 /* MKAnnotationView+WebCache.m */; settings = {ASSET_TAGS = (); }; };
		C29803C61BEA484100FE33C8 /* NSData+ImageContentType.m in Sources */ = {isa = PBXBuildFile; fileRef = C29803A71BEA484100FE33C8 /* NSData+ImageContentType.m */; settings = {ASSET_TAGS = (); }; };
		C29803C71BEA484100FE33C8 /* SDImageCache.m in Sources */ = {isa = PBXBuildFile; fileRef = C29803A91BEA484100FE33C8 /* SDImageCache.m */; settings = {ASSET_TAGS = (); }; };
		C29803C81BEA484100FE33C8 /* SDWebImageCompat.m in Sources */ = {isa = PBXBuildFile; fileRef = C29803AB1BEA484100FE33C8 /* SDWebImageCompat.m */; settings = {ASSET_TAGS = (); }; };
		C29803C91BEA484100FE33C8 /* SDWebImageDecoder.m in Sources */ = {isa = PBXBuildFile; fileRef = C29803AD1BEA484100FE33C8 /* SDWebImageDecoder.m */; settings = {ASSET_TAGS = (); }; };
		C29803CA1BEA484100FE33C8 /* SDWebImageDownloader.m in Sources */ = {isa = PBXBuildFile; fileRef = C29803AF1BEA484100FE33C8 /* SDWebImageDownloader.m */; settings = {ASSET_TAGS = (); }; };
		C29803CB1BEA484100FE33C8 /* SDWebImageDownloaderOperation.m in Sources */ = {isa = PBXBuildFile; fileRef = C29803B11BEA484100FE33C8 /* SDWebImageDownloaderOperation.m */; settings = {ASSET_TAGS = (); }; };
		C29803CC1BEA484100FE33C8 /* SDWebImageManager.m in Sources */ = {isa = PBXBuildFile; fileRef = C29803B31BEA484100FE33C8 /* SDWebImageManager.m */; settings = {ASSET_TAGS = (); }; };
		C29803CD1BEA484100FE33C8 /* SDWebImagePrefetcher.m in Sources */ = {isa = PBXBuildFile; fileRef = C29803B61BEA484100FE33C8 /* SDWebImagePrefetcher.m */; settings = {ASSET_TAGS = (); }; };
		C29803CE1BEA484100FE33C8 /* UIButton+WebCache.m in Sources */ = {isa = PBXBuildFile; fileRef = C29803B81BEA484100FE33C8 /* UIButton+WebCache.m */; settings = {ASSET_TAGS = (); }; };
		C29803CF1BEA484100FE33C8 /* UIImage+GIF.m in Sources */ = {isa = PBXBuildFile; fileRef = C29803BA1BEA484100FE33C8 /* UIImage+GIF.m */; settings = {ASSET_TAGS = (); }; };
		C29803D01BEA484100FE33C8 /* UIImage+MultiFormat.m in Sources */ = {isa = PBXBuildFile; fileRef = C29803BC1BEA484100FE33C8 /* UIImage+MultiFormat.m */; settings = {ASSET_TAGS = (); }; };
		C29803D11BEA484100FE33C8 /* UIImage+WebP.m in Sources */ = {isa = PBXBuildFile; fileRef = C29803BE1BEA484100FE33C8 /* UIImage+WebP.m */; settings = {ASSET_TAGS = (); }; };
		C29803D21BEA484100FE33C8 /* UIImageView+HighlightedWebCache.m in Sources */ = {isa = PBXBuildFile; fileRef = C29803C01BEA484100FE33C8 /* UIImageView+HighlightedWebCache.m */; settings = {ASSET_TAGS = (); }; };
		C29803D31BEA484100FE33C8 /* UIImageView+WebCache.m in Sources */ = {isa = PBXBuildFile; fileRef = C29803C21BEA484100FE33C8 /* UIImageView+WebCache.m */; settings = {ASSET_TAGS = (); }; };
		C29803D41BEA484100FE33C8 /* UIView+WebCacheOperation.m in Sources */ = {isa = PBXBuildFile; fileRef = C29803C41BEA484100FE33C8 /* UIView+WebCacheOperation.m */; settings = {ASSET_TAGS = (); }; };
		C2D7BC081BEB3D5A00F1A5FD /* PlayerManager.m in Sources */ = {isa = PBXBuildFile; fileRef = C2D7BC071BEB3D5A00F1A5FD /* PlayerManager.m */; settings = {ASSET_TAGS = (); }; };
/* End PBXBuildFile section */

/* Begin PBXContainerItemProxy section */
		C2713B231BE9EE84000F85ED /* PBXContainerItemProxy */ = {
			isa = PBXContainerItemProxy;
			containerPortal = C2713B011BE9EE84000F85ED /* Project object */;
			proxyType = 1;
			remoteGlobalIDString = C2713B081BE9EE84000F85ED;
			remoteInfo = "音乐播放器";
		};
		C2713B2E1BE9EE84000F85ED /* PBXContainerItemProxy */ = {
			isa = PBXContainerItemProxy;
			containerPortal = C2713B011BE9EE84000F85ED /* Project object */;
			proxyType = 1;
			remoteGlobalIDString = C2713B081BE9EE84000F85ED;
			remoteInfo = "音乐播放器";
		};
/* End PBXContainerItemProxy section */

/* Begin PBXFileReference section */
		C2533EDA1BEB46AF00E533DF /* PlayingViewController.h */ = {isa = PBXFileReference; fileEncoding = 4; lastKnownFileType = sourcecode.c.h; path = PlayingViewController.h; sourceTree = "<group>"; };
		C2533EDB1BEB46AF00E533DF /* PlayingViewController.m */ = {isa = PBXFileReference; fileEncoding = 4; lastKnownFileType = sourcecode.c.objc; path = PlayingViewController.m; sourceTree = "<group>"; };
		C26D53431BF21981005AA106 /* 2.png */ = {isa = PBXFileReference; lastKnownFileType = image.png; name = 2.png; path = ../2.png; sourceTree = "<group>"; };
		C26D53451BF21988005AA106 /* 3.png */ = {isa = PBXFileReference; lastKnownFileType = image.png; name = 3.png; path = ../3.png; sourceTree = "<group>"; };
		C26D53471BF2198D005AA106 /* 4.png */ = {isa = PBXFileReference; lastKnownFileType = image.png; name = 4.png; path = ../4.png; sourceTree = "<group>"; };
		C26D53491BF21999005AA106 /* 1.png */ = {isa = PBXFileReference; lastKnownFileType = image.png; path = 1.png; sourceTree = "<group>"; };
		C2713B091BE9EE84000F85ED /* 音乐播放器.app */ = {isa = PBXFileReference; explicitFileType = wrapper.application; includeInIndex = 0; path = "音乐播放器.app"; sourceTree = BUILT_PRODUCTS_DIR; };
		C2713B0D1BE9EE84000F85ED /* main.m */ = {isa = PBXFileReference; lastKnownFileType = sourcecode.c.objc; path = main.m; sourceTree = "<group>"; };
		C2713B161BE9EE84000F85ED /* Base */ = {isa = PBXFileReference; lastKnownFileType = file.storyboard; name = Base; path = Base.lproj/Main.storyboard; sourceTree = "<group>"; };
		C2713B181BE9EE84000F85ED /* Assets.xcassets */ = {isa = PBXFileReference; lastKnownFileType = folder.assetcatalog; path = Assets.xcassets; sourceTree = "<group>"; };
		C2713B1B1BE9EE84000F85ED /* Base */ = {isa = PBXFileReference; lastKnownFileType = file.storyboard; name = Base; path = Base.lproj/LaunchScreen.storyboard; sourceTree = "<group>"; };
		C2713B221BE9EE84000F85ED /* 音乐播放器Tests.xctest */ = {isa = PBXFileReference; explicitFileType = wrapper.cfbundle; includeInIndex = 0; path = "音乐播放器Tests.xctest"; sourceTree = BUILT_PRODUCTS_DIR; };
		C2713B261BE9EE84000F85ED /* _____Tests.m */ = {isa = PBXFileReference; lastKnownFileType = sourcecode.c.objc; path = "_____Tests.m"; sourceTree = "<group>"; };
		C2713B281BE9EE84000F85ED /* Info.plist */ = {isa = PBXFileReference; lastKnownFileType = text.plist.xml; path = Info.plist; sourceTree = "<group>"; };
		C2713B2D1BE9EE84000F85ED /* 音乐播放器UITests.xctest */ = {isa = PBXFileReference; explicitFileType = wrapper.cfbundle; includeInIndex = 0; path = "音乐播放器UITests.xctest"; sourceTree = BUILT_PRODUCTS_DIR; };
		C2713B311BE9EE85000F85ED /* _____UITests.m */ = {isa = PBXFileReference; lastKnownFileType = sourcecode.c.objc; path = "_____UITests.m"; sourceTree = "<group>"; };
		C2713B331BE9EE85000F85ED /* Info.plist */ = {isa = PBXFileReference; lastKnownFileType = text.plist.xml; path = Info.plist; sourceTree = "<group>"; };
		C2713B5F1BE9FC92000F85ED /* AppDelegate.h */ = {isa = PBXFileReference; fileEncoding = 4; lastKnownFileType = sourcecode.c.h; path = AppDelegate.h; sourceTree = "<group>"; };
		C2713B601BE9FC92000F85ED /* AppDelegate.m */ = {isa = PBXFileReference; fileEncoding = 4; lastKnownFileType = sourcecode.c.objc; path = AppDelegate.m; sourceTree = "<group>"; };
		C2713B641BE9FD6E000F85ED /* MusicCell.h */ = {isa = PBXFileReference; fileEncoding = 4; lastKnownFileType = sourcecode.c.h; path = MusicCell.h; sourceTree = "<group>"; };
		C2713B651BE9FD6E000F85ED /* MusicCell.m */ = {isa = PBXFileReference; fileEncoding = 4; lastKnownFileType = sourcecode.c.objc; path = MusicCell.m; sourceTree = "<group>"; };
		C2713B671BE9FD8D000F85ED /* MusicCell.xib */ = {isa = PBXFileReference; fileEncoding = 4; lastKnownFileType = file.xib; path = MusicCell.xib; sourceTree = "<group>"; };
		C2713B6B1BE9FE9D000F85ED /* Info.plist */ = {isa = PBXFileReference; fileEncoding = 4; lastKnownFileType = text.plist.xml; path = Info.plist; sourceTree = "<group>"; };
		C2713B6D1BEA0338000F85ED /* DataManager.h */ = {isa = PBXFileReference; fileEncoding = 4; lastKnownFileType = sourcecode.c.h; name = DataManager.h; path = ../../DataManager.h; sourceTree = "<group>"; };
		C2713B6E1BEA0338000F85ED /* DataManager.m */ = {isa = PBXFileReference; fileEncoding = 4; lastKnownFileType = sourcecode.c.objc; name = DataManager.m; path = ../../DataManager.m; sourceTree = "<group>"; };
		C2713B701BEA04B7000F85ED /* URLS.h */ = {isa = PBXFileReference; lastKnownFileType = sourcecode.c.h; path = URLS.h; sourceTree = "<group>"; };
		C2713B711BEA0567000F85ED /* 0834MusicPlayer.pch */ = {isa = PBXFileReference; lastKnownFileType = sourcecode.c.h; path = 0834MusicPlayer.pch; sourceTree = "<group>"; };
		C2713B721BEA0A80000F85ED /* MusicModel.h */ = {isa = PBXFileReference; fileEncoding = 4; lastKnownFileType = sourcecode.c.h; path = MusicModel.h; sourceTree = "<group>"; };
		C2713B731BEA0A80000F85ED /* MusicModel.m */ = {isa = PBXFileReference; fileEncoding = 4; lastKnownFileType = sourcecode.c.objc; path = MusicModel.m; sourceTree = "<group>"; };
		C2713B751BEA21B3000F85ED /* MusicListController.h */ = {isa = PBXFileReference; fileEncoding = 4; lastKnownFileType = sourcecode.c.h; path = MusicListController.h; sourceTree = "<group>"; };
		C2713B761BEA21B3000F85ED /* MusicListController.m */ = {isa = PBXFileReference; fileEncoding = 4; lastKnownFileType = sourcecode.c.objc; path = MusicListController.m; sourceTree = "<group>"; };
		C27A6C3B1BF1803600A16609 /* LyricModel.h */ = {isa = PBXFileReference; fileEncoding = 4; lastKnownFileType = sourcecode.c.h; path = LyricModel.h; sourceTree = "<group>"; };
		C27A6C3C1BF1803600A16609 /* LyricModel.m */ = {isa = PBXFileReference; fileEncoding = 4; lastKnownFileType = sourcecode.c.objc; path = LyricModel.m; sourceTree = "<group>"; };
		C27A6C3E1BF181C700A16609 /* LyricManager.h */ = {isa = PBXFileReference; fileEncoding = 4; lastKnownFileType = sourcecode.c.h; path = LyricManager.h; sourceTree = "<group>"; };
		C27A6C3F1BF181C700A16609 /* LyricManager.m */ = {isa = PBXFileReference; fileEncoding = 4; lastKnownFileType = sourcecode.c.objc; path = LyricManager.m; sourceTree = "<group>"; };
		C29803A41BEA484100FE33C8 /* MKAnnotationView+WebCache.h */ = {isa = PBXFileReference; fileEncoding = 4; lastKnownFileType = sourcecode.c.h; path = "MKAnnotationView+WebCache.h"; sourceTree = "<group>"; };
		C29803A51BEA484100FE33C8 /* MKAnnotationView+WebCache.m */ = {isa = PBXFileReference; fileEncoding = 4; lastKnownFileType = sourcecode.c.objc; path = "MKAnnotationView+WebCache.m"; sourceTree = "<group>"; };
		C29803A61BEA484100FE33C8 /* NSData+ImageContentType.h */ = {isa = PBXFileReference; fileEncoding = 4; lastKnownFileType = sourcecode.c.h; path = "NSData+ImageContentType.h"; sourceTree = "<group>"; };
		C29803A71BEA484100FE33C8 /* NSData+ImageContentType.m */ = {isa = PBXFileReference; fileEncoding = 4; lastKnownFileType = sourcecode.c.objc; path = "NSData+ImageContentType.m"; sourceTree = "<group>"; };
		C29803A81BEA484100FE33C8 /* SDImageCache.h */ = {isa = PBXFileReference; fileEncoding = 4; lastKnownFileType = sourcecode.c.h; path = SDImageCache.h; sourceTree = "<group>"; };
		C29803A91BEA484100FE33C8 /* SDImageCache.m */ = {isa = PBXFileReference; fileEncoding = 4; lastKnownFileType = sourcecode.c.objc; path = SDImageCache.m; sourceTree = "<group>"; };
		C29803AA1BEA484100FE33C8 /* SDWebImageCompat.h */ = {isa = PBXFileReference; fileEncoding = 4; lastKnownFileType = sourcecode.c.h; path = SDWebImageCompat.h; sourceTree = "<group>"; };
		C29803AB1BEA484100FE33C8 /* SDWebImageCompat.m */ = {isa = PBXFileReference; fileEncoding = 4; lastKnownFileType = sourcecode.c.objc; path = SDWebImageCompat.m; sourceTree = "<group>"; };
		C29803AC1BEA484100FE33C8 /* SDWebImageDecoder.h */ = {isa = PBXFileReference; fileEncoding = 4; lastKnownFileType = sourcecode.c.h; path = SDWebImageDecoder.h; sourceTree = "<group>"; };
		C29803AD1BEA484100FE33C8 /* SDWebImageDecoder.m */ = {isa = PBXFileReference; fileEncoding = 4; lastKnownFileType = sourcecode.c.objc; path = SDWebImageDecoder.m; sourceTree = "<group>"; };
		C29803AE1BEA484100FE33C8 /* SDWebImageDownloader.h */ = {isa = PBXFileReference; fileEncoding = 4; lastKnownFileType = sourcecode.c.h; path = SDWebImageDownloader.h; sourceTree = "<group>"; };
		C29803AF1BEA484100FE33C8 /* SDWebImageDownloader.m */ = {isa = PBXFileReference; fileEncoding = 4; lastKnownFileType = sourcecode.c.objc; path = SDWebImageDownloader.m; sourceTree = "<group>"; };
		C29803B01BEA484100FE33C8 /* SDWebImageDownloaderOperation.h */ = {isa = PBXFileReference; fileEncoding = 4; lastKnownFileType = sourcecode.c.h; path = SDWebImageDownloaderOperation.h; sourceTree = "<group>"; };
		C29803B11BEA484100FE33C8 /* SDWebImageDownloaderOperation.m */ = {isa = PBXFileReference; fileEncoding = 4; lastKnownFileType = sourcecode.c.objc; path = SDWebImageDownloaderOperation.m; sourceTree = "<group>"; };
		C29803B21BEA484100FE33C8 /* SDWebImageManager.h */ = {isa = PBXFileReference; fileEncoding = 4; lastKnownFileType = sourcecode.c.h; path = SDWebImageManager.h; sourceTree = "<group>"; };
		C29803B31BEA484100FE33C8 /* SDWebImageManager.m */ = {isa = PBXFileReference; fileEncoding = 4; lastKnownFileType = sourcecode.c.objc; path = SDWebImageManager.m; sourceTree = "<group>"; };
		C29803B41BEA484100FE33C8 /* SDWebImageOperation.h */ = {isa = PBXFileReference; fileEncoding = 4; lastKnownFileType = sourcecode.c.h; path = SDWebImageOperation.h; sourceTree = "<group>"; };
		C29803B51BEA484100FE33C8 /* SDWebImagePrefetcher.h */ = {isa = PBXFileReference; fileEncoding = 4; lastKnownFileType = sourcecode.c.h; path = SDWebImagePrefetcher.h; sourceTree = "<group>"; };
		C29803B61BEA484100FE33C8 /* SDWebImagePrefetcher.m */ = {isa = PBXFileReference; fileEncoding = 4; lastKnownFileType = sourcecode.c.objc; path = SDWebImagePrefetcher.m; sourceTree = "<group>"; };
		C29803B71BEA484100FE33C8 /* UIButton+WebCache.h */ = {isa = PBXFileReference; fileEncoding = 4; lastKnownFileType = sourcecode.c.h; path = "UIButton+WebCache.h"; sourceTree = "<group>"; };
		C29803B81BEA484100FE33C8 /* UIButton+WebCache.m */ = {isa = PBXFileReference; fileEncoding = 4; lastKnownFileType = sourcecode.c.objc; path = "UIButton+WebCache.m"; sourceTree = "<group>"; };
		C29803B91BEA484100FE33C8 /* UIImage+GIF.h */ = {isa = PBXFileReference; fileEncoding = 4; lastKnownFileType = sourcecode.c.h; path = "UIImage+GIF.h"; sourceTree = "<group>"; };
		C29803BA1BEA484100FE33C8 /* UIImage+GIF.m */ = {isa = PBXFileReference; fileEncoding = 4; lastKnownFileType = sourcecode.c.objc; path = "UIImage+GIF.m"; sourceTree = "<group>"; };
		C29803BB1BEA484100FE33C8 /* UIImage+MultiFormat.h */ = {isa = PBXFileReference; fileEncoding = 4; lastKnownFileType = sourcecode.c.h; path = "UIImage+MultiFormat.h"; sourceTree = "<group>"; };
		C29803BC1BEA484100FE33C8 /* UIImage+MultiFormat.m */ = {isa = PBXFileReference; fileEncoding = 4; lastKnownFileType = sourcecode.c.objc; path = "UIImage+MultiFormat.m"; sourceTree = "<group>"; };
		C29803BD1BEA484100FE33C8 /* UIImage+WebP.h */ = {isa = PBXFileReference; fileEncoding = 4; lastKnownFileType = sourcecode.c.h; path = "UIImage+WebP.h"; sourceTree = "<group>"; };
		C29803BE1BEA484100FE33C8 /* UIImage+WebP.m */ = {isa = PBXFileReference; fileEncoding = 4; lastKnownFileType = sourcecode.c.objc; path = "UIImage+WebP.m"; sourceTree = "<group>"; };
		C29803BF1BEA484100FE33C8 /* UIImageView+HighlightedWebCache.h */ = {isa = PBXFileReference; fileEncoding = 4; lastKnownFileType = sourcecode.c.h; path = "UIImageView+HighlightedWebCache.h"; sourceTree = "<group>"; };
		C29803C01BEA484100FE33C8 /* UIImageView+HighlightedWebCache.m */ = {isa = PBXFileReference; fileEncoding = 4; lastKnownFileType = sourcecode.c.objc; path = "UIImageView+HighlightedWebCache.m"; sourceTree = "<group>"; };
		C29803C11BEA484100FE33C8 /* UIImageView+WebCache.h */ = {isa = PBXFileReference; fileEncoding = 4; lastKnownFileType = sourcecode.c.h; path = "UIImageView+WebCache.h"; sourceTree = "<group>"; };
		C29803C21BEA484100FE33C8 /* UIImageView+WebCache.m */ = {isa = PBXFileReference; fileEncoding = 4; lastKnownFileType = sourcecode.c.objc; path = "UIImageView+WebCache.m"; sourceTree = "<group>"; };
		C29803C31BEA484100FE33C8 /* UIView+WebCacheOperation.h */ = {isa = PBXFileReference; fileEncoding = 4; lastKnownFileType = sourcecode.c.h; path = "UIView+WebCacheOperation.h"; sourceTree = "<group>"; };
		C29803C41BEA484100FE33C8 /* UIView+WebCacheOperation.m */ = {isa = PBXFileReference; fileEncoding = 4; lastKnownFileType = sourcecode.c.objc; path = "UIView+WebCacheOperation.m"; sourceTree = "<group>"; };
		C2D7BC061BEB3D5A00F1A5FD /* PlayerManager.h */ = {isa = PBXFileReference; fileEncoding = 4; lastKnownFileType = sourcecode.c.h; path = PlayerManager.h; sourceTree = "<group>"; };
		C2D7BC071BEB3D5A00F1A5FD /* PlayerManager.m */ = {isa = PBXFileReference; fileEncoding = 4; lastKnownFileType = sourcecode.c.objc; path = PlayerManager.m; sourceTree = "<group>"; };
/* End PBXFileReference section */

/* Begin PBXFrameworksBuildPhase section */
		C2713B061BE9EE84000F85ED /* Frameworks */ = {
			isa = PBXFrameworksBuildPhase;
			buildActionMask = 2147483647;
			files = (
			);
			runOnlyForDeploymentPostprocessing = 0;
		};
		C2713B1F1BE9EE84000F85ED /* Frameworks */ = {
			isa = PBXFrameworksBuildPhase;
			buildActionMask = 2147483647;
			files = (
			);
			runOnlyForDeploymentPostprocessing = 0;
		};
		C2713B2A1BE9EE84000F85ED /* Frameworks */ = {
			isa = PBXFrameworksBuildPhase;
			buildActionMask = 2147483647;
			files = (
			);
			runOnlyForDeploymentPostprocessing = 0;
		};
/* End PBXFrameworksBuildPhase section */

/* Begin PBXGroup section */
		C2713B001BE9EE84000F85ED = {
			isa = PBXGroup;
			children = (
				C2713B0B1BE9EE84000F85ED /* 音乐播放器 */,
				C2713B251BE9EE84000F85ED /* 音乐播放器Tests */,
				C2713B301BE9EE85000F85ED /* 音乐播放器UITests */,
				C2713B0A1BE9EE84000F85ED /* Products */,
			);
			sourceTree = "<group>";
		};
		C2713B0A1BE9EE84000F85ED /* Products */ = {
			isa = PBXGroup;
			children = (
				C2713B091BE9EE84000F85ED /* 音乐播放器.app */,
				C2713B221BE9EE84000F85ED /* 音乐播放器Tests.xctest */,
				C2713B2D1BE9EE84000F85ED /* 音乐播放器UITests.xctest */,
			);
			name = Products;
			sourceTree = "<group>";
		};
		C2713B0B1BE9EE84000F85ED /* 音乐播放器 */ = {
			isa = PBXGroup;
			children = (
				C2713B531BE9FC2F000F85ED /* Classes */,
				C2713B151BE9EE84000F85ED /* Main.storyboard */,
				C2713B181BE9EE84000F85ED /* Assets.xcassets */,
				C2713B1A1BE9EE84000F85ED /* LaunchScreen.storyboard */,
				C2713B6B1BE9FE9D000F85ED /* Info.plist */,
				C2713B0C1BE9EE84000F85ED /* Supporting Files */,
			);
			path = "音乐播放器";
			sourceTree = "<group>";
		};
		C2713B0C1BE9EE84000F85ED /* Supporting Files */ = {
			isa = PBXGroup;
			children = (
				C2713B0D1BE9EE84000F85ED /* main.m */,
				C2713B711BEA0567000F85ED /* 0834MusicPlayer.pch */,
			);
			name = "Supporting Files";
			sourceTree = "<group>";
		};
		C2713B251BE9EE84000F85ED /* 音乐播放器Tests */ = {
			isa = PBXGroup;
			children = (
				C2713B261BE9EE84000F85ED /* _____Tests.m */,
				C2713B281BE9EE84000F85ED /* Info.plist */,
			);
			path = "音乐播放器Tests";
			sourceTree = "<group>";
		};
		C2713B301BE9EE85000F85ED /* 音乐播放器UITests */ = {
			isa = PBXGroup;
			children = (
				C2713B311BE9EE85000F85ED /* _____UITests.m */,
				C2713B331BE9EE85000F85ED /* Info.plist */,
			);
			path = "音乐播放器UITests";
			sourceTree = "<group>";
		};
		C2713B531BE9FC2F000F85ED /* Classes */ = {
			isa = PBXGroup;
			children = (
				C2713B541BE9FC2F000F85ED /* AppDelegate */,
				C2713B551BE9FC2F000F85ED /* General */,
				C2713B591BE9FC2F000F85ED /* Helpers */,
				C2713B5A1BE9FC2F000F85ED /* Macro */,
				C2713B5B1BE9FC2F000F85ED /* Models */,
				C2713B5C1BE9FC2F000F85ED /* Resources */,
				C2713B5D1BE9FC2F000F85ED /* Scenes */,
				C2713B5E1BE9FC2F000F85ED /* Vendors */,
			);
			path = Classes;
			sourceTree = "<group>";
		};
		C2713B541BE9FC2F000F85ED /* AppDelegate */ = {
			isa = PBXGroup;
			children = (
				C2713B5F1BE9FC92000F85ED /* AppDelegate.h */,
				C2713B601BE9FC92000F85ED /* AppDelegate.m */,
			);
			path = AppDelegate;
			sourceTree = "<group>";
		};
		C2713B551BE9FC2F000F85ED /* General */ = {
			isa = PBXGroup;
			children = (
				C2713B561BE9FC2F000F85ED /* Categories */,
				C2713B571BE9FC2F000F85ED /* ViewControllers */,
				C2713B581BE9FC2F000F85ED /* Views */,
			);
			path = General;
			sourceTree = "<group>";
		};
		C2713B561BE9FC2F000F85ED /* Categories */ = {
			isa = PBXGroup;
			children = (
			);
			path = Categories;
			sourceTree = "<group>";
		};
		C2713B571BE9FC2F000F85ED /* ViewControllers */ = {
			isa = PBXGroup;
			children = (
			);
			path = ViewControllers;
			sourceTree = "<group>";
		};
		C2713B581BE9FC2F000F85ED /* Views */ = {
			isa = PBXGroup;
			children = (
			);
			path = Views;
			sourceTree = "<group>";
		};
		C2713B591BE9FC2F000F85ED /* Helpers */ = {
			isa = PBXGroup;
			children = (
				C2713B6D1BEA0338000F85ED /* DataManager.h */,
				C2713B6E1BEA0338000F85ED /* DataManager.m */,
				C2D7BC061BEB3D5A00F1A5FD /* PlayerManager.h */,
				C2D7BC071BEB3D5A00F1A5FD /* PlayerManager.m */,
				C27A6C3E1BF181C700A16609 /* LyricManager.h */,
				C27A6C3F1BF181C700A16609 /* LyricManager.m */,
			);
			path = Helpers;
			sourceTree = "<group>";
		};
		C2713B5A1BE9FC2F000F85ED /* Macro */ = {
			isa = PBXGroup;
			children = (
				C2713B701BEA04B7000F85ED /* URLS.h */,
			);
			path = Macro;
			sourceTree = "<group>";
		};
		C2713B5B1BE9FC2F000F85ED /* Models */ = {
			isa = PBXGroup;
			children = (
				C2713B721BEA0A80000F85ED /* MusicModel.h */,
				C2713B731BEA0A80000F85ED /* MusicModel.m */,
				C27A6C3B1BF1803600A16609 /* LyricModel.h */,
				C27A6C3C1BF1803600A16609 /* LyricModel.m */,
			);
			path = Models;
			sourceTree = "<group>";
		};
		C2713B5C1BE9FC2F000F85ED /* Resources */ = {
			isa = PBXGroup;
			children = (
				C26D53491BF21999005AA106 /* 1.png */,
				C26D53431BF21981005AA106 /* 2.png */,
				C26D53451BF21988005AA106 /* 3.png */,
				C26D53471BF2198D005AA106 /* 4.png */,
			);
			path = Resources;
			sourceTree = "<group>";
		};
		C2713B5D1BE9FC2F000F85ED /* Scenes */ = {
			isa = PBXGroup;
			children = (
				C2713B631BE9FD13000F85ED /* viewController */,
				C2713B621BE9FCED000F85ED /* view */,
			);
			path = Scenes;
			sourceTree = "<group>";
		};
		C2713B5E1BE9FC2F000F85ED /* Vendors */ = {
			isa = PBXGroup;
			children = (
				C29803A31BEA484100FE33C8 /* SDWebImage */,
			);
			path = Vendors;
			sourceTree = "<group>";
		};
		C2713B621BE9FCED000F85ED /* view */ = {
			isa = PBXGroup;
			children = (
				C2713B671BE9FD8D000F85ED /* MusicCell.xib */,
				C2713B641BE9FD6E000F85ED /* MusicCell.h */,
				C2713B651BE9FD6E000F85ED /* MusicCell.m */,
			);
			path = view;
			sourceTree = "<group>";
		};
		C2713B631BE9FD13000F85ED /* viewController */ = {
			isa = PBXGroup;
			children = (
				C2713B751BEA21B3000F85ED /* MusicListController.h */,
				C2713B761BEA21B3000F85ED /* MusicListController.m */,
				C2533EDA1BEB46AF00E533DF /* PlayingViewController.h */,
				C2533EDB1BEB46AF00E533DF /* PlayingViewController.m */,
			);
			path = viewController;
			sourceTree = "<group>";
		};
		C29803A31BEA484100FE33C8 /* SDWebImage */ = {
			isa = PBXGroup;
			children = (
				C29803A41BEA484100FE33C8 /* MKAnnotationView+WebCache.h */,
				C29803A51BEA484100FE33C8 /* MKAnnotationView+WebCache.m */,
				C29803A61BEA484100FE33C8 /* NSData+ImageContentType.h */,
				C29803A71BEA484100FE33C8 /* NSData+ImageContentType.m */,
				C29803A81BEA484100FE33C8 /* SDImageCache.h */,
				C29803A91BEA484100FE33C8 /* SDImageCache.m */,
				C29803AA1BEA484100FE33C8 /* SDWebImageCompat.h */,
				C29803AB1BEA484100FE33C8 /* SDWebImageCompat.m */,
				C29803AC1BEA484100FE33C8 /* SDWebImageDecoder.h */,
				C29803AD1BEA484100FE33C8 /* SDWebImageDecoder.m */,
				C29803AE1BEA484100FE33C8 /* SDWebImageDownloader.h */,
				C29803AF1BEA484100FE33C8 /* SDWebImageDownloader.m */,
				C29803B01BEA484100FE33C8 /* SDWebImageDownloaderOperation.h */,
				C29803B11BEA484100FE33C8 /* SDWebImageDownloaderOperation.m */,
				C29803B21BEA484100FE33C8 /* SDWebImageManager.h */,
				C29803B31BEA484100FE33C8 /* SDWebImageManager.m */,
				C29803B41BEA484100FE33C8 /* SDWebImageOperation.h */,
				C29803B51BEA484100FE33C8 /* SDWebImagePrefetcher.h */,
				C29803B61BEA484100FE33C8 /* SDWebImagePrefetcher.m */,
				C29803B71BEA484100FE33C8 /* UIButton+WebCache.h */,
				C29803B81BEA484100FE33C8 /* UIButton+WebCache.m */,
				C29803B91BEA484100FE33C8 /* UIImage+GIF.h */,
				C29803BA1BEA484100FE33C8 /* UIImage+GIF.m */,
				C29803BB1BEA484100FE33C8 /* UIImage+MultiFormat.h */,
				C29803BC1BEA484100FE33C8 /* UIImage+MultiFormat.m */,
				C29803BD1BEA484100FE33C8 /* UIImage+WebP.h */,
				C29803BE1BEA484100FE33C8 /* UIImage+WebP.m */,
				C29803BF1BEA484100FE33C8 /* UIImageView+HighlightedWebCache.h */,
				C29803C01BEA484100FE33C8 /* UIImageView+HighlightedWebCache.m */,
				C29803C11BEA484100FE33C8 /* UIImageView+WebCache.h */,
				C29803C21BEA484100FE33C8 /* UIImageView+WebCache.m */,
				C29803C31BEA484100FE33C8 /* UIView+WebCacheOperation.h */,
				C29803C41BEA484100FE33C8 /* UIView+WebCacheOperation.m */,
			);
			path = SDWebImage;
			sourceTree = "<group>";
		};
/* End PBXGroup section */

/* Begin PBXNativeTarget section */
		C2713B081BE9EE84000F85ED /* 音乐播放器 */ = {
			isa = PBXNativeTarget;
			buildConfigurationList = C2713B361BE9EE85000F85ED /* Build configuration list for PBXNativeTarget "音乐播放器" */;
			buildPhases = (
				C2713B051BE9EE84000F85ED /* Sources */,
				C2713B061BE9EE84000F85ED /* Frameworks */,
				C2713B071BE9EE84000F85ED /* Resources */,
			);
			buildRules = (
			);
			dependencies = (
			);
			name = "音乐播放器";
			productName = "音乐播放器";
			productReference = C2713B091BE9EE84000F85ED /* 音乐播放器.app */;
			productType = "com.apple.product-type.application";
		};
		C2713B211BE9EE84000F85ED /* 音乐播放器Tests */ = {
			isa = PBXNativeTarget;
			buildConfigurationList = C2713B391BE9EE85000F85ED /* Build configuration list for PBXNativeTarget "音乐播放器Tests" */;
			buildPhases = (
				C2713B1E1BE9EE84000F85ED /* Sources */,
				C2713B1F1BE9EE84000F85ED /* Frameworks */,
				C2713B201BE9EE84000F85ED /* Resources */,
			);
			buildRules = (
			);
			dependencies = (
				C2713B241BE9EE84000F85ED /* PBXTargetDependency */,
			);
			name = "音乐播放器Tests";
			productName = "音乐播放器Tests";
			productReference = C2713B221BE9EE84000F85ED /* 音乐播放器Tests.xctest */;
			productType = "com.apple.product-type.bundle.unit-test";
		};
		C2713B2C1BE9EE84000F85ED /* 音乐播放器UITests */ = {
			isa = PBXNativeTarget;
			buildConfigurationList = C2713B3C1BE9EE85000F85ED /* Build configuration list for PBXNativeTarget "音乐播放器UITests" */;
			buildPhases = (
				C2713B291BE9EE84000F85ED /* Sources */,
				C2713B2A1BE9EE84000F85ED /* Frameworks */,
				C2713B2B1BE9EE84000F85ED /* Resources */,
			);
			buildRules = (
			);
			dependencies = (
				C2713B2F1BE9EE84000F85ED /* PBXTargetDependency */,
			);
			name = "音乐播放器UITests";
			productName = "音乐播放器UITests";
			productReference = C2713B2D1BE9EE84000F85ED /* 音乐播放器UITests.xctest */;
			productType = "com.apple.product-type.bundle.ui-testing";
		};
/* End PBXNativeTarget section */

/* Begin PBXProject section */
		C2713B011BE9EE84000F85ED /* Project object */ = {
			isa = PBXProject;
			attributes = {
				LastUpgradeCheck = 0700;
				ORGANIZATIONNAME = lanou3g;
				TargetAttributes = {
					C2713B081BE9EE84000F85ED = {
						CreatedOnToolsVersion = 7.0.1;
					};
					C2713B211BE9EE84000F85ED = {
						CreatedOnToolsVersion = 7.0.1;
						TestTargetID = C2713B081BE9EE84000F85ED;
					};
					C2713B2C1BE9EE84000F85ED = {
						CreatedOnToolsVersion = 7.0.1;
						TestTargetID = C2713B081BE9EE84000F85ED;
					};
				};
			};
			buildConfigurationList = C2713B041BE9EE84000F85ED /* Build configuration list for PBXProject "音乐播放器" */;
			compatibilityVersion = "Xcode 3.2";
			developmentRegion = English;
			hasScannedForEncodings = 0;
			knownRegions = (
				en,
				Base,
			);
			mainGroup = C2713B001BE9EE84000F85ED;
			productRefGroup = C2713B0A1BE9EE84000F85ED /* Products */;
			projectDirPath = "";
			projectRoot = "";
			targets = (
				C2713B081BE9EE84000F85ED /* 音乐播放器 */,
				C2713B211BE9EE84000F85ED /* 音乐播放器Tests */,
				C2713B2C1BE9EE84000F85ED /* 音乐播放器UITests */,
			);
		};
/* End PBXProject section */

/* Begin PBXResourcesBuildPhase section */
		C2713B071BE9EE84000F85ED /* Resources */ = {
			isa = PBXResourcesBuildPhase;
			buildActionMask = 2147483647;
			files = (
				C26D534A1BF21999005AA106 /* 1.png in Resources */,
				C26D53481BF2198D005AA106 /* 4.png in Resources */,
				C2713B681BE9FD8D000F85ED /* MusicCell.xib in Resources */,
				C2713B1C1BE9EE84000F85ED /* LaunchScreen.storyboard in Resources */,
				C26D53441BF21981005AA106 /* 2.png in Resources */,
				C26D53461BF21988005AA106 /* 3.png in Resources */,
				C2713B191BE9EE84000F85ED /* Assets.xcassets in Resources */,
				C2713B6C1BE9FE9D000F85ED /* Info.plist in Resources */,
				C2713B171BE9EE84000F85ED /* Main.storyboard in Resources */,
			);
			runOnlyForDeploymentPostprocessing = 0;
		};
		C2713B201BE9EE84000F85ED /* Resources */ = {
			isa = PBXResourcesBuildPhase;
			buildActionMask = 2147483647;
			files = (
			);
			runOnlyForDeploymentPostprocessing = 0;
		};
		C2713B2B1BE9EE84000F85ED /* Resources */ = {
			isa = PBXResourcesBuildPhase;
			buildActionMask = 2147483647;
			files = (
			);
			runOnlyForDeploymentPostprocessing = 0;
		};
/* End PBXResourcesBuildPhase section */

/* Begin PBXSourcesBuildPhase section */
		C2713B051BE9EE84000F85ED /* Sources */ = {
			isa = PBXSourcesBuildPhase;
			buildActionMask = 2147483647;
			files = (
				C2713B611BE9FC92000F85ED /* AppDelegate.m in Sources */,
				C27A6C401BF181C700A16609 /* LyricManager.m in Sources */,
				C2D7BC081BEB3D5A00F1A5FD /* PlayerManager.m in Sources */,
				C29803CC1BEA484100FE33C8 /* SDWebImageManager.m in Sources */,
				C29803C71BEA484100FE33C8 /* SDImageCache.m in Sources */,
				C29803CB1BEA484100FE33C8 /* SDWebImageDownloaderOperation.m in Sources */,
				C29803D41BEA484100FE33C8 /* UIView+WebCacheOperation.m in Sources */,
				C2713B6F1BEA0338000F85ED /* DataManager.m in Sources */,
				C29803CE1BEA484100FE33C8 /* UIButton+WebCache.m in Sources */,
				C29803C61BEA484100FE33C8 /* NSData+ImageContentType.m in Sources */,
				C29803CD1BEA484100FE33C8 /* SDWebImagePrefetcher.m in Sources */,
				C29803CA1BEA484100FE33C8 /* SDWebImageDownloader.m in Sources */,
				C2713B741BEA0A80000F85ED /* MusicModel.m in Sources */,
				C29803D11BEA484100FE33C8 /* UIImage+WebP.m in Sources */,
				C2533EDC1BEB46AF00E533DF /* PlayingViewController.m in Sources */,
				C29803D31BEA484100FE33C8 /* UIImageView+WebCache.m in Sources */,
				C29803C91BEA484100FE33C8 /* SDWebImageDecoder.m in Sources */,
				C2713B0E1BE9EE84000F85ED /* main.m in Sources */,
				C29803C51BEA484100FE33C8 /* MKAnnotationView+WebCache.m in Sources */,
				C29803C81BEA484100FE33C8 /* SDWebImageCompat.m in Sources */,
				C2713B661BE9FD6E000F85ED /* MusicCell.m in Sources */,
				C2713B771BEA21B3000F85ED /* MusicListController.m in Sources */,
				C29803D01BEA484100FE33C8 /* UIImage+MultiFormat.m in Sources */,
				C29803D21BEA484100FE33C8 /* UIImageView+HighlightedWebCache.m in Sources */,
				C29803CF1BEA484100FE33C8 /* UIImage+GIF.m in Sources */,
				C27A6C3D1BF1803600A16609 /* LyricModel.m in Sources */,
			);
			runOnlyForDeploymentPostprocessing = 0;
		};
		C2713B1E1BE9EE84000F85ED /* Sources */ = {
			isa = PBXSourcesBuildPhase;
			buildActionMask = 2147483647;
			files = (
				C2713B271BE9EE84000F85ED /* _____Tests.m in Sources */,
			);
			runOnlyForDeploymentPostprocessing = 0;
		};
		C2713B291BE9EE84000F85ED /* Sources */ = {
			isa = PBXSourcesBuildPhase;
			buildActionMask = 2147483647;
			files = (
				C2713B321BE9EE85000F85ED /* _____UITests.m in Sources */,
			);
			runOnlyForDeploymentPostprocessing = 0;
		};
/* End PBXSourcesBuildPhase section */

/* Begin PBXTargetDependency section */
		C2713B241BE9EE84000F85ED /* PBXTargetDependency */ = {
			isa = PBXTargetDependency;
			target = C2713B081BE9EE84000F85ED /* 音乐播放器 */;
			targetProxy = C2713B231BE9EE84000F85ED /* PBXContainerItemProxy */;
		};
		C2713B2F1BE9EE84000F85ED /* PBXTargetDependency */ = {
			isa = PBXTargetDependency;
			target = C2713B081BE9EE84000F85ED /* 音乐播放器 */;
			targetProxy = C2713B2E1BE9EE84000F85ED /* PBXContainerItemProxy */;
		};
/* End PBXTargetDependency section */

/* Begin PBXVariantGroup section */
		C2713B151BE9EE84000F85ED /* Main.storyboard */ = {
			isa = PBXVariantGroup;
			children = (
				C2713B161BE9EE84000F85ED /* Base */,
			);
			name = Main.storyboard;
			sourceTree = "<group>";
		};
		C2713B1A1BE9EE84000F85ED /* LaunchScreen.storyboard */ = {
			isa = PBXVariantGroup;
			children = (
				C2713B1B1BE9EE84000F85ED /* Base */,
			);
			name = LaunchScreen.storyboard;
			sourceTree = "<group>";
		};
/* End PBXVariantGroup section */

/* Begin XCBuildConfiguration section */
		C2713B341BE9EE85000F85ED /* Debug */ = {
			isa = XCBuildConfiguration;
			buildSettings = {
				ALWAYS_SEARCH_USER_PATHS = NO;
				CLANG_CXX_LANGUAGE_STANDARD = "gnu++0x";
				CLANG_CXX_LIBRARY = "libc++";
				CLANG_ENABLE_MODULES = YES;
				CLANG_ENABLE_OBJC_ARC = YES;
				CLANG_WARN_BOOL_CONVERSION = YES;
				CLANG_WARN_CONSTANT_CONVERSION = YES;
				CLANG_WARN_DIRECT_OBJC_ISA_USAGE = YES_ERROR;
				CLANG_WARN_EMPTY_BODY = YES;
				CLANG_WARN_ENUM_CONVERSION = YES;
				CLANG_WARN_INT_CONVERSION = YES;
				CLANG_WARN_OBJC_ROOT_CLASS = YES_ERROR;
				CLANG_WARN_UNREACHABLE_CODE = YES;
				CLANG_WARN__DUPLICATE_METHOD_MATCH = YES;
				"CODE_SIGN_IDENTITY[sdk=iphoneos*]" = "iPhone Developer";
				COPY_PHASE_STRIP = NO;
				DEBUG_INFORMATION_FORMAT = dwarf;
				ENABLE_STRICT_OBJC_MSGSEND = YES;
				ENABLE_TESTABILITY = YES;
				GCC_C_LANGUAGE_STANDARD = gnu99;
				GCC_DYNAMIC_NO_PIC = NO;
				GCC_NO_COMMON_BLOCKS = YES;
				GCC_OPTIMIZATION_LEVEL = 0;
				GCC_PREPROCESSOR_DEFINITIONS = (
					"DEBUG=1",
					"$(inherited)",
				);
				GCC_WARN_64_TO_32_BIT_CONVERSION = YES;
				GCC_WARN_ABOUT_RETURN_TYPE = YES_ERROR;
				GCC_WARN_UNDECLARED_SELECTOR = YES;
				GCC_WARN_UNINITIALIZED_AUTOS = YES_AGGRESSIVE;
				GCC_WARN_UNUSED_FUNCTION = YES;
				GCC_WARN_UNUSED_VARIABLE = YES;
				IPHONEOS_DEPLOYMENT_TARGET = 9.0;
				MTL_ENABLE_DEBUG_INFO = YES;
				ONLY_ACTIVE_ARCH = YES;
				SDKROOT = iphoneos;
				TARGETED_DEVICE_FAMILY = "1,2";
			};
			name = Debug;
		};
		C2713B351BE9EE85000F85ED /* Release */ = {
			isa = XCBuildConfiguration;
			buildSettings = {
				ALWAYS_SEARCH_USER_PATHS = NO;
				CLANG_CXX_LANGUAGE_STANDARD = "gnu++0x";
				CLANG_CXX_LIBRARY = "libc++";
				CLANG_ENABLE_MODULES = YES;
				CLANG_ENABLE_OBJC_ARC = YES;
				CLANG_WARN_BOOL_CONVERSION = YES;
				CLANG_WARN_CONSTANT_CONVERSION = YES;
				CLANG_WARN_DIRECT_OBJC_ISA_USAGE = YES_ERROR;
				CLANG_WARN_EMPTY_BODY = YES;
				CLANG_WARN_ENUM_CONVERSION = YES;
				CLANG_WARN_INT_CONVERSION = YES;
				CLANG_WARN_OBJC_ROOT_CLASS = YES_ERROR;
				CLANG_WARN_UNREACHABLE_CODE = YES;
				CLANG_WARN__DUPLICATE_METHOD_MATCH = YES;
				"CODE_SIGN_IDENTITY[sdk=iphoneos*]" = "iPhone Developer";
				COPY_PHASE_STRIP = NO;
				DEBUG_INFORMATION_FORMAT = "dwarf-with-dsym";
				ENABLE_NS_ASSERTIONS = NO;
				ENABLE_STRICT_OBJC_MSGSEND = YES;
				GCC_C_LANGUAGE_STANDARD = gnu99;
				GCC_NO_COMMON_BLOCKS = YES;
				GCC_WARN_64_TO_32_BIT_CONVERSION = YES;
				GCC_WARN_ABOUT_RETURN_TYPE = YES_ERROR;
				GCC_WARN_UNDECLARED_SELECTOR = YES;
				GCC_WARN_UNINITIALIZED_AUTOS = YES_AGGRESSIVE;
				GCC_WARN_UNUSED_FUNCTION = YES;
				GCC_WARN_UNUSED_VARIABLE = YES;
				IPHONEOS_DEPLOYMENT_TARGET = 9.0;
				MTL_ENABLE_DEBUG_INFO = NO;
				SDKROOT = iphoneos;
				TARGETED_DEVICE_FAMILY = "1,2";
				VALIDATE_PRODUCT = YES;
			};
			name = Release;
		};
		C2713B371BE9EE85000F85ED /* Debug */ = {
			isa = XCBuildConfiguration;
			buildSettings = {
				ASSETCATALOG_COMPILER_APPICON_NAME = AppIcon;
				GCC_PREFIX_HEADER = "音乐播放器/0834MusicPlayer.pch";
				INFOPLIST_FILE = "音乐播放器/Info.plist";
				LD_RUNPATH_SEARCH_PATHS = "$(inherited) @executable_path/Frameworks";
				PRODUCT_BUNDLE_IDENTIFIER = "begin.com.-----";
				PRODUCT_NAME = "$(TARGET_NAME)";
			};
			name = Debug;
		};
		C2713B381BE9EE85000F85ED /* Release */ = {
			isa = XCBuildConfiguration;
			buildSettings = {
				ASSETCATALOG_COMPILER_APPICON_NAME = AppIcon;
				GCC_PREFIX_HEADER = "音乐播放器/0834MusicPlayer.pch";
				INFOPLIST_FILE = "音乐播放器/Info.plist";
				LD_RUNPATH_SEARCH_PATHS = "$(inherited) @executable_path/Frameworks";
				PRODUCT_BUNDLE_IDENTIFIER = "begin.com.-----";
				PRODUCT_NAME = "$(TARGET_NAME)";
			};
			name = Release;
		};
		C2713B3A1BE9EE85000F85ED /* Debug */ = {
			isa = XCBuildConfiguration;
			buildSettings = {
				BUNDLE_LOADER = "$(TEST_HOST)";
				INFOPLIST_FILE = "音乐播放器Tests/Info.plist";
				LD_RUNPATH_SEARCH_PATHS = "$(inherited) @executable_path/Frameworks @loader_path/Frameworks";
				PRODUCT_BUNDLE_IDENTIFIER = "begin.com.-----Tests";
				PRODUCT_NAME = "$(TARGET_NAME)";
				TEST_HOST = "$(BUILT_PRODUCTS_DIR)/音乐播放器.app/音乐播放器";
			};
			name = Debug;
		};
		C2713B3B1BE9EE85000F85ED /* Release */ = {
			isa = XCBuildConfiguration;
			buildSettings = {
				BUNDLE_LOADER = "$(TEST_HOST)";
				INFOPLIST_FILE = "音乐播放器Tests/Info.plist";
				LD_RUNPATH_SEARCH_PATHS = "$(inherited) @executable_path/Frameworks @loader_path/Frameworks";
				PRODUCT_BUNDLE_IDENTIFIER = "begin.com.-----Tests";
				PRODUCT_NAME = "$(TARGET_NAME)";
				TEST_HOST = "$(BUILT_PRODUCTS_DIR)/音乐播放器.app/音乐播放器";
			};
			name = Release;
		};
		C2713B3D1BE9EE85000F85ED /* Debug */ = {
			isa = XCBuildConfiguration;
			buildSettings = {
				INFOPLIST_FILE = "音乐播放器UITests/Info.plist";
				LD_RUNPATH_SEARCH_PATHS = "$(inherited) @executable_path/Frameworks @loader_path/Frameworks";
				PRODUCT_BUNDLE_IDENTIFIER = "begin.com.-----UITests";
				PRODUCT_NAME = "$(TARGET_NAME)";
				TEST_TARGET_NAME = "音乐播放器";
				USES_XCTRUNNER = YES;
			};
			name = Debug;
		};
		C2713B3E1BE9EE85000F85ED /* Release */ = {
			isa = XCBuildConfiguration;
			buildSettings = {
				INFOPLIST_FILE = "音乐播放器UITests/Info.plist";
				LD_RUNPATH_SEARCH_PATHS = "$(inherited) @executable_path/Frameworks @loader_path/Frameworks";
				PRODUCT_BUNDLE_IDENTIFIER = "begin.com.-----UITests";
				PRODUCT_NAME = "$(TARGET_NAME)";
				TEST_TARGET_NAME = "音乐播放器";
				USES_XCTRUNNER = YES;
			};
			name = Release;
		};
/* End XCBuildConfiguration section */

/* Begin XCConfigurationList section */
		C2713B041BE9EE84000F85ED /* Build configuration list for PBXProject "音乐播放器" */ = {
			isa = XCConfigurationList;
			buildConfigurations = (
				C2713B341BE9EE85000F85ED /* Debug */,
				C2713B351BE9EE85000F85ED /* Release */,
			);
			defaultConfigurationIsVisible = 0;
			defaultConfigurationName = Release;
		};
		C2713B361BE9EE85000F85ED /* Build configuration list for PBXNativeTarget "音乐播放器" */ = {
			isa = XCConfigurationList;
			buildConfigurations = (
				C2713B371BE9EE85000F85ED /* Debug */,
				C2713B381BE9EE85000F85ED /* Release */,
			);
			defaultConfigurationIsVisible = 0;
			defaultConfigurationName = Release;
		};
		C2713B391BE9EE85000F85ED /* Build configuration list for PBXNativeTarget "音乐播放器Tests" */ = {
			isa = XCConfigurationList;
			buildConfigurations = (
				C2713B3A1BE9EE85000F85ED /* Debug */,
				C2713B3B1BE9EE85000F85ED /* Release */,
			);
			defaultConfigurationIsVisible = 0;
			defaultConfigurationName = Release;
		};
		C2713B3C1BE9EE85000F85ED /* Build configuration list for PBXNativeTarget "音乐播放器UITests" */ = {
			isa = XCConfigurationList;
			buildConfigurations = (
				C2713B3D1BE9EE85000F85ED /* Debug */,
				C2713B3E1BE9EE85000F85ED /* Release */,
			);
			defaultConfigurationIsVisible = 0;
			defaultConfigurationName = Release;
		};
/* End XCConfigurationList section */
	};
	rootObject = C2713B011BE9EE84000F85ED /* Project object */;
}
